github.com/webview/webview v0.0.0-20210201104136-ce27be3bc811 h1:JxTlIhZJh9+B4H74fkixRj9sFf4v4bI67YrWjrsbz0A=
github.com/webview/webview v0.0.0-20210201104136-ce27be3bc811/go.mod h1:rpXAuuHgyEJb6kXcXldlkOjU6y4x+YcASKKXJNUhh0Y=
golang.org/x/sys v0.1.0 h1:kunALQeHf1/185U1i0GOB/fy1IPRDDpuoOOqRReG57U=
golang.org/x/sys v0.1.0/go.mod h1:oPkhp1MJrh7nUepCBck5+mAzfO9JrbApNNgaTdGDITg=
